// !$*UTF8*$!
{
	archiveVersion = 1;
	classes = {
	};
	objectVersion = 56;
	objects = {

/* Begin PBXBuildFile section */
		CF1C02DD2B3B599200D7BCC4 /* Nation.swift in Sources */ = {isa = PBXBuildFile; fileRef = CF1C02DC2B3B599200D7BCC4 /* Nation.swift */; };
		CF1C02DF2B3B5BB600D7BCC4 /* RecipeLoc.swift in Sources */ = {isa = PBXBuildFile; fileRef = CF1C02DE2B3B5BB600D7BCC4 /* RecipeLoc.swift */; };
		CF1C02E12B3B5DE700D7BCC4 /* Recipe.swift in Sources */ = {isa = PBXBuildFile; fileRef = CF1C02E02B3B5DE700D7BCC4 /* Recipe.swift */; };
		CF1C02E32B3B5E5C00D7BCC4 /* Ingredient.swift in Sources */ = {isa = PBXBuildFile; fileRef = CF1C02E22B3B5E5C00D7BCC4 /* Ingredient.swift */; };
		CF1C02E52B3B5E7900D7BCC4 /* Step.swift in Sources */ = {isa = PBXBuildFile; fileRef = CF1C02E42B3B5E7900D7BCC4 /* Step.swift */; };
		CF1C02E72B3B5E9300D7BCC4 /* LogBook.swift in Sources */ = {isa = PBXBuildFile; fileRef = CF1C02E62B3B5E9300D7BCC4 /* LogBook.swift */; };
		CF1C02E92B3B5EB100D7BCC4 /* Log.swift in Sources */ = {isa = PBXBuildFile; fileRef = CF1C02E82B3B5EB100D7BCC4 /* Log.swift */; };
		CF1F457D2B3DC0CE008DCB5D /* USA.swift in Sources */ = {isa = PBXBuildFile; fileRef = CF1F457C2B3DC0CE008DCB5D /* USA.swift */; };
		CF676C8A2B212BB1004E168B /* AppDelegate.swift in Sources */ = {isa = PBXBuildFile; fileRef = CF676C892B212BB1004E168B /* AppDelegate.swift */; };
		CF676C8C2B212BB1004E168B /* SceneDelegate.swift in Sources */ = {isa = PBXBuildFile; fileRef = CF676C8B2B212BB1004E168B /* SceneDelegate.swift */; };
		CF676C8E2B212BB1004E168B /* ViewController.swift in Sources */ = {isa = PBXBuildFile; fileRef = CF676C8D2B212BB1004E168B /* ViewController.swift */; };
		CF676C912B212BB1004E168B /* Main.storyboard in Resources */ = {isa = PBXBuildFile; fileRef = CF676C8F2B212BB1004E168B /* Main.storyboard */; };
		CF676C932B212BB5004E168B /* Assets.xcassets in Resources */ = {isa = PBXBuildFile; fileRef = CF676C922B212BB5004E168B /* Assets.xcassets */; };
		CF676C962B212BB5004E168B /* LaunchScreen.storyboard in Resources */ = {isa = PBXBuildFile; fileRef = CF676C942B212BB5004E168B /* LaunchScreen.storyboard */; };
		CF676CA12B212BB6004E168B /* food_aroundTests.swift in Sources */ = {isa = PBXBuildFile; fileRef = CF676CA02B212BB6004E168B /* food_aroundTests.swift */; };
		CF676CAB2B212BB6004E168B /* food_aroundUITests.swift in Sources */ = {isa = PBXBuildFile; fileRef = CF676CAA2B212BB6004E168B /* food_aroundUITests.swift */; };
		CF676CAD2B212BB6004E168B /* food_aroundUITestsLaunchTests.swift in Sources */ = {isa = PBXBuildFile; fileRef = CF676CAC2B212BB6004E168B /* food_aroundUITestsLaunchTests.swift */; };
		CF676CBE2B212F6B004E168B /* Location.swift in Sources */ = {isa = PBXBuildFile; fileRef = CF676CBD2B212F6B004E168B /* Location.swift */; };
		CF676CC02B221E7A004E168B /* NationStorage.swift in Sources */ = {isa = PBXBuildFile; fileRef = CF676CBF2B221E7A004E168B /* NationStorage.swift */; };
/* End PBXBuildFile section */

/* Begin PBXContainerItemProxy section */
		CF676C9D2B212BB6004E168B /* PBXContainerItemProxy */ = {
			isa = PBXContainerItemProxy;
			containerPortal = CF676C7E2B212BB1004E168B /* Project object */;
			proxyType = 1;
			remoteGlobalIDString = CF676C852B212BB1004E168B;
			remoteInfo = "food around";
		};
		CF676CA72B212BB6004E168B /* PBXContainerItemProxy */ = {
			isa = PBXContainerItemProxy;
			containerPortal = CF676C7E2B212BB1004E168B /* Project object */;
			proxyType = 1;
			remoteGlobalIDString = CF676C852B212BB1004E168B;
			remoteInfo = "food around";
		};
/* End PBXContainerItemProxy section */

/* Begin PBXFileReference section */
		CF1C02DC2B3B599200D7BCC4 /* Nation.swift */ = {isa = PBXFileReference; lastKnownFileType = sourcecode.swift; path = Nation.swift; sourceTree = "<group>"; };
		CF1C02DE2B3B5BB600D7BCC4 /* RecipeLoc.swift */ = {isa = PBXFileReference; lastKnownFileType = sourcecode.swift; path = RecipeLoc.swift; sourceTree = "<group>"; };
		CF1C02E02B3B5DE700D7BCC4 /* Recipe.swift */ = {isa = PBXFileReference; lastKnownFileType = sourcecode.swift; path = Recipe.swift; sourceTree = "<group>"; };
		CF1C02E22B3B5E5C00D7BCC4 /* Ingredient.swift */ = {isa = PBXFileReference; lastKnownFileType = sourcecode.swift; path = Ingredient.swift; sourceTree = "<group>"; };
		CF1C02E42B3B5E7900D7BCC4 /* Step.swift */ = {isa = PBXFileReference; lastKnownFileType = sourcecode.swift; path = Step.swift; sourceTree = "<group>"; };
		CF1C02E62B3B5E9300D7BCC4 /* LogBook.swift */ = {isa = PBXFileReference; lastKnownFileType = sourcecode.swift; path = LogBook.swift; sourceTree = "<group>"; };
		CF1C02E82B3B5EB100D7BCC4 /* Log.swift */ = {isa = PBXFileReference; lastKnownFileType = sourcecode.swift; path = Log.swift; sourceTree = "<group>"; };
		CF1F457C2B3DC0CE008DCB5D /* USA.swift */ = {isa = PBXFileReference; lastKnownFileType = sourcecode.swift; path = USA.swift; sourceTree = "<group>"; };
		CF676C862B212BB1004E168B /* food around.app */ = {isa = PBXFileReference; explicitFileType = wrapper.application; includeInIndex = 0; path = "food around.app"; sourceTree = BUILT_PRODUCTS_DIR; };
		CF676C892B212BB1004E168B /* AppDelegate.swift */ = {isa = PBXFileReference; lastKnownFileType = sourcecode.swift; path = AppDelegate.swift; sourceTree = "<group>"; };
		CF676C8B2B212BB1004E168B /* SceneDelegate.swift */ = {isa = PBXFileReference; lastKnownFileType = sourcecode.swift; path = SceneDelegate.swift; sourceTree = "<group>"; };
		CF676C8D2B212BB1004E168B /* ViewController.swift */ = {isa = PBXFileReference; lastKnownFileType = sourcecode.swift; path = ViewController.swift; sourceTree = "<group>"; };
		CF676C902B212BB1004E168B /* Base */ = {isa = PBXFileReference; lastKnownFileType = file.storyboard; name = Base; path = Base.lproj/Main.storyboard; sourceTree = "<group>"; };
		CF676C922B212BB5004E168B /* Assets.xcassets */ = {isa = PBXFileReference; lastKnownFileType = folder.assetcatalog; path = Assets.xcassets; sourceTree = "<group>"; };
		CF676C952B212BB5004E168B /* Base */ = {isa = PBXFileReference; lastKnownFileType = file.storyboard; name = Base; path = Base.lproj/LaunchScreen.storyboard; sourceTree = "<group>"; };
		CF676C972B212BB5004E168B /* Info.plist */ = {isa = PBXFileReference; lastKnownFileType = text.plist.xml; path = Info.plist; sourceTree = "<group>"; };
		CF676C9C2B212BB6004E168B /* food aroundTests.xctest */ = {isa = PBXFileReference; explicitFileType = wrapper.cfbundle; includeInIndex = 0; path = "food aroundTests.xctest"; sourceTree = BUILT_PRODUCTS_DIR; };
		CF676CA02B212BB6004E168B /* food_aroundTests.swift */ = {isa = PBXFileReference; lastKnownFileType = sourcecode.swift; path = food_aroundTests.swift; sourceTree = "<group>"; };
		CF676CA62B212BB6004E168B /* food aroundUITests.xctest */ = {isa = PBXFileReference; explicitFileType = wrapper.cfbundle; includeInIndex = 0; path = "food aroundUITests.xctest"; sourceTree = BUILT_PRODUCTS_DIR; };
		CF676CAA2B212BB6004E168B /* food_aroundUITests.swift */ = {isa = PBXFileReference; lastKnownFileType = sourcecode.swift; path = food_aroundUITests.swift; sourceTree = "<group>"; };
		CF676CAC2B212BB6004E168B /* food_aroundUITestsLaunchTests.swift */ = {isa = PBXFileReference; lastKnownFileType = sourcecode.swift; path = food_aroundUITestsLaunchTests.swift; sourceTree = "<group>"; };
		CF676CBD2B212F6B004E168B /* Location.swift */ = {isa = PBXFileReference; lastKnownFileType = sourcecode.swift; path = Location.swift; sourceTree = "<group>"; };
		CF676CBF2B221E7A004E168B /* NationStorage.swift */ = {isa = PBXFileReference; lastKnownFileType = sourcecode.swift; path = NationStorage.swift; sourceTree = "<group>"; };
/* End PBXFileReference section */

/* Begin PBXFrameworksBuildPhase section */
		CF676C832B212BB1004E168B /* Frameworks */ = {
			isa = PBXFrameworksBuildPhase;
			buildActionMask = 2147483647;
			files = (
			);
			runOnlyForDeploymentPostprocessing = 0;
		};
		CF676C992B212BB6004E168B /* Frameworks */ = {
			isa = PBXFrameworksBuildPhase;
			buildActionMask = 2147483647;
			files = (
			);
			runOnlyForDeploymentPostprocessing = 0;
		};
		CF676CA32B212BB6004E168B /* Frameworks */ = {
			isa = PBXFrameworksBuildPhase;
			buildActionMask = 2147483647;
			files = (
			);
			runOnlyForDeploymentPostprocessing = 0;
		};
/* End PBXFrameworksBuildPhase section */

/* Begin PBXGroup section */
		CF1F457E2B3DC1B1008DCB5D /* RecipeStorage */ = {
			isa = PBXGroup;
			children = (
				CF1F457C2B3DC0CE008DCB5D /* USA.swift */,
			);
			path = RecipeStorage;
			sourceTree = "<group>";
		};
		CF676C7D2B212BB1004E168B = {
			isa = PBXGroup;
			children = (
				CF676C882B212BB1004E168B /* food around */,
				CF676C9F2B212BB6004E168B /* food aroundTests */,
				CF676CA92B212BB6004E168B /* food aroundUITests */,
				CF676C872B212BB1004E168B /* Products */,
			);
			sourceTree = "<group>";
		};
		CF676C872B212BB1004E168B /* Products */ = {
			isa = PBXGroup;
			children = (
				CF676C862B212BB1004E168B /* food around.app */,
				CF676C9C2B212BB6004E168B /* food aroundTests.xctest */,
				CF676CA62B212BB6004E168B /* food aroundUITests.xctest */,
			);
			name = Products;
			sourceTree = "<group>";
		};
		CF676C882B212BB1004E168B /* food around */ = {
			isa = PBXGroup;
			children = (
				CF676C892B212BB1004E168B /* AppDelegate.swift */,
				CF676C8B2B212BB1004E168B /* SceneDelegate.swift */,
				CF676C922B212BB5004E168B /* Assets.xcassets */,
				CF676CBC2B212BF7004E168B /* Model */,
				CF676CB92B212BCC004E168B /* View */,
				CF676CBA2B212BDB004E168B /* Control */,
				CF676C942B212BB5004E168B /* LaunchScreen.storyboard */,
				CF676C972B212BB5004E168B /* Info.plist */,
			);
			path = "food around";
			sourceTree = "<group>";
		};
		CF676C9F2B212BB6004E168B /* food aroundTests */ = {
			isa = PBXGroup;
			children = (
				CF676CA02B212BB6004E168B /* food_aroundTests.swift */,
			);
			path = "food aroundTests";
			sourceTree = "<group>";
		};
		CF676CA92B212BB6004E168B /* food aroundUITests */ = {
			isa = PBXGroup;
			children = (
				CF676CAA2B212BB6004E168B /* food_aroundUITests.swift */,
				CF676CAC2B212BB6004E168B /* food_aroundUITestsLaunchTests.swift */,
			);
			path = "food aroundUITests";
			sourceTree = "<group>";
		};
		CF676CB92B212BCC004E168B /* View */ = {
			isa = PBXGroup;
			children = (
				CF676C8F2B212BB1004E168B /* Main.storyboard */,
			);
			path = View;
			sourceTree = "<group>";
		};
		CF676CBA2B212BDB004E168B /* Control */ = {
			isa = PBXGroup;
			children = (
				CF676C8D2B212BB1004E168B /* ViewController.swift */,
			);
			path = Control;
			sourceTree = "<group>";
		};
		CF676CBC2B212BF7004E168B /* Model */ = {
			isa = PBXGroup;
			children = (
				CF676CBD2B212F6B004E168B /* Location.swift */,
				CF1C02DC2B3B599200D7BCC4 /* Nation.swift */,
				CF1C02DE2B3B5BB600D7BCC4 /* RecipeLoc.swift */,
				CF676CBF2B221E7A004E168B /* NationStorage.swift */,
				CF1F457E2B3DC1B1008DCB5D /* RecipeStorage */,
				CF1C02E02B3B5DE700D7BCC4 /* Recipe.swift */,
				CF1C02E22B3B5E5C00D7BCC4 /* Ingredient.swift */,
				CF1C02E42B3B5E7900D7BCC4 /* Step.swift */,
				CF1C02E62B3B5E9300D7BCC4 /* LogBook.swift */,
				CF1C02E82B3B5EB100D7BCC4 /* Log.swift */,
			);
			path = Model;
			sourceTree = "<group>";
		};
/* End PBXGroup section */

/* Begin PBXNativeTarget section */
		CF676C852B212BB1004E168B /* food around */ = {
			isa = PBXNativeTarget;
			buildConfigurationList = CF676CB02B212BB6004E168B /* Build configuration list for PBXNativeTarget "food around" */;
			buildPhases = (
				CF676C822B212BB1004E168B /* Sources */,
				CF676C832B212BB1004E168B /* Frameworks */,
				CF676C842B212BB1004E168B /* Resources */,
			);
			buildRules = (
			);
			dependencies = (
			);
			name = "food around";
			productName = "food around";
			productReference = CF676C862B212BB1004E168B /* food around.app */;
			productType = "com.apple.product-type.application";
		};
		CF676C9B2B212BB6004E168B /* food aroundTests */ = {
			isa = PBXNativeTarget;
			buildConfigurationList = CF676CB32B212BB6004E168B /* Build configuration list for PBXNativeTarget "food aroundTests" */;
			buildPhases = (
				CF676C982B212BB6004E168B /* Sources */,
				CF676C992B212BB6004E168B /* Frameworks */,
				CF676C9A2B212BB6004E168B /* Resources */,
			);
			buildRules = (
			);
			dependencies = (
				CF676C9E2B212BB6004E168B /* PBXTargetDependency */,
			);
			name = "food aroundTests";
			productName = "food aroundTests";
			productReference = CF676C9C2B212BB6004E168B /* food aroundTests.xctest */;
			productType = "com.apple.product-type.bundle.unit-test";
		};
		CF676CA52B212BB6004E168B /* food aroundUITests */ = {
			isa = PBXNativeTarget;
			buildConfigurationList = CF676CB62B212BB6004E168B /* Build configuration list for PBXNativeTarget "food aroundUITests" */;
			buildPhases = (
				CF676CA22B212BB6004E168B /* Sources */,
				CF676CA32B212BB6004E168B /* Frameworks */,
				CF676CA42B212BB6004E168B /* Resources */,
			);
			buildRules = (
			);
			dependencies = (
				CF676CA82B212BB6004E168B /* PBXTargetDependency */,
			);
			name = "food aroundUITests";
			productName = "food aroundUITests";
			productReference = CF676CA62B212BB6004E168B /* food aroundUITests.xctest */;
			productType = "com.apple.product-type.bundle.ui-testing";
		};
/* End PBXNativeTarget section */

/* Begin PBXProject section */
		CF676C7E2B212BB1004E168B /* Project object */ = {
			isa = PBXProject;
			attributes = {
				BuildIndependentTargetsInParallel = 1;
				LastSwiftUpdateCheck = 1500;
				LastUpgradeCheck = 1500;
				TargetAttributes = {
					CF676C852B212BB1004E168B = {
						CreatedOnToolsVersion = 15.0.1;
					};
					CF676C9B2B212BB6004E168B = {
						CreatedOnToolsVersion = 15.0.1;
						TestTargetID = CF676C852B212BB1004E168B;
					};
					CF676CA52B212BB6004E168B = {
						CreatedOnToolsVersion = 15.0.1;
						TestTargetID = CF676C852B212BB1004E168B;
					};
				};
			};
			buildConfigurationList = CF676C812B212BB1004E168B /* Build configuration list for PBXProject "food around" */;
			compatibilityVersion = "Xcode 14.0";
			developmentRegion = en;
			hasScannedForEncodings = 0;
			knownRegions = (
				en,
				Base,
			);
			mainGroup = CF676C7D2B212BB1004E168B;
			productRefGroup = CF676C872B212BB1004E168B /* Products */;
			projectDirPath = "";
			projectRoot = "";
			targets = (
				CF676C852B212BB1004E168B /* food around */,
				CF676C9B2B212BB6004E168B /* food aroundTests */,
				CF676CA52B212BB6004E168B /* food aroundUITests */,
			);
		};
/* End PBXProject section */

/* Begin PBXResourcesBuildPhase section */
		CF676C842B212BB1004E168B /* Resources */ = {
			isa = PBXResourcesBuildPhase;
			buildActionMask = 2147483647;
			files = (
				CF676C962B212BB5004E168B /* LaunchScreen.storyboard in Resources */,
				CF676C932B212BB5004E168B /* Assets.xcassets in Resources */,
				CF676C912B212BB1004E168B /* Main.storyboard in Resources */,
			);
			runOnlyForDeploymentPostprocessing = 0;
		};
		CF676C9A2B212BB6004E168B /* Resources */ = {
			isa = PBXResourcesBuildPhase;
			buildActionMask = 2147483647;
			files = (
			);
			runOnlyForDeploymentPostprocessing = 0;
		};
		CF676CA42B212BB6004E168B /* Resources */ = {
			isa = PBXResourcesBuildPhase;
			buildActionMask = 2147483647;
			files = (
			);
			runOnlyForDeploymentPostprocessing = 0;
		};
/* End PBXResourcesBuildPhase section */

/* Begin PBXSourcesBuildPhase section */
		CF676C822B212BB1004E168B /* Sources */ = {
			isa = PBXSourcesBuildPhase;
			buildActionMask = 2147483647;
			files = (
				CF1F457D2B3DC0CE008DCB5D /* USA.swift in Sources */,
				CF676C8E2B212BB1004E168B /* ViewController.swift in Sources */,
				CF1C02DD2B3B599200D7BCC4 /* Nation.swift in Sources */,
				CF1C02E92B3B5EB100D7BCC4 /* Log.swift in Sources */,
				CF1C02E72B3B5E9300D7BCC4 /* LogBook.swift in Sources */,
				CF1C02E32B3B5E5C00D7BCC4 /* Ingredient.swift in Sources */,
				CF676C8A2B212BB1004E168B /* AppDelegate.swift in Sources */,
				CF676CBE2B212F6B004E168B /* Location.swift in Sources */,
				CF676CC02B221E7A004E168B /* NationStorage.swift in Sources */,
				CF1C02DF2B3B5BB600D7BCC4 /* RecipeLoc.swift in Sources */,
				CF1C02E52B3B5E7900D7BCC4 /* Step.swift in Sources */,
				CF676C8C2B212BB1004E168B /* SceneDelegate.swift in Sources */,
				CF1C02E12B3B5DE700D7BCC4 /* Recipe.swift in Sources */,
			);
			runOnlyForDeploymentPostprocessing = 0;
		};
		CF676C982B212BB6004E168B /* Sources */ = {
			isa = PBXSourcesBuildPhase;
			buildActionMask = 2147483647;
			files = (
				CF676CA12B212BB6004E168B /* food_aroundTests.swift in Sources */,
			);
			runOnlyForDeploymentPostprocessing = 0;
		};
		CF676CA22B212BB6004E168B /* Sources */ = {
			isa = PBXSourcesBuildPhase;
			buildActionMask = 2147483647;
			files = (
				CF676CAB2B212BB6004E168B /* food_aroundUITests.swift in Sources */,
				CF676CAD2B212BB6004E168B /* food_aroundUITestsLaunchTests.swift in Sources */,
			);
			runOnlyForDeploymentPostprocessing = 0;
		};
/* End PBXSourcesBuildPhase section */

/* Begin PBXTargetDependency section */
		CF676C9E2B212BB6004E168B /* PBXTargetDependency */ = {
			isa = PBXTargetDependency;
			target = CF676C852B212BB1004E168B /* food around */;
			targetProxy = CF676C9D2B212BB6004E168B /* PBXContainerItemProxy */;
		};
		CF676CA82B212BB6004E168B /* PBXTargetDependency */ = {
			isa = PBXTargetDependency;
			target = CF676C852B212BB1004E168B /* food around */;
			targetProxy = CF676CA72B212BB6004E168B /* PBXContainerItemProxy */;
		};
/* End PBXTargetDependency section */

/* Begin PBXVariantGroup section */
		CF676C8F2B212BB1004E168B /* Main.storyboard */ = {
			isa = PBXVariantGroup;
			children = (
				CF676C902B212BB1004E168B /* Base */,
			);
			name = Main.storyboard;
			sourceTree = "<group>";
		};
		CF676C942B212BB5004E168B /* LaunchScreen.storyboard */ = {
			isa = PBXVariantGroup;
			children = (
				CF676C952B212BB5004E168B /* Base */,
			);
			name = LaunchScreen.storyboard;
			sourceTree = "<group>";
		};
/* End PBXVariantGroup section */

/* Begin XCBuildConfiguration section */
		CF676CAE2B212BB6004E168B /* Debug */ = {
			isa = XCBuildConfiguration;
			buildSettings = {
				ALWAYS_SEARCH_USER_PATHS = NO;
				ASSETCATALOG_COMPILER_GENERATE_SWIFT_ASSET_SYMBOL_EXTENSIONS = YES;
				CLANG_ANALYZER_NONNULL = YES;
				CLANG_ANALYZER_NUMBER_OBJECT_CONVERSION = YES_AGGRESSIVE;
				CLANG_CXX_LANGUAGE_STANDARD = "gnu++20";
				CLANG_ENABLE_MODULES = YES;
				CLANG_ENABLE_OBJC_ARC = YES;
				CLANG_ENABLE_OBJC_WEAK = YES;
				CLANG_WARN_BLOCK_CAPTURE_AUTORELEASING = YES;
				CLANG_WARN_BOOL_CONVERSION = YES;
				CLANG_WARN_COMMA = YES;
				CLANG_WARN_CONSTANT_CONVERSION = YES;
				CLANG_WARN_DEPRECATED_OBJC_IMPLEMENTATIONS = YES;
				CLANG_WARN_DIRECT_OBJC_ISA_USAGE = YES_ERROR;
				CLANG_WARN_DOCUMENTATION_COMMENTS = YES;
				CLANG_WARN_EMPTY_BODY = YES;
				CLANG_WARN_ENUM_CONVERSION = YES;
				CLANG_WARN_INFINITE_RECURSION = YES;
				CLANG_WARN_INT_CONVERSION = YES;
				CLANG_WARN_NON_LITERAL_NULL_CONVERSION = YES;
				CLANG_WARN_OBJC_IMPLICIT_RETAIN_SELF = YES;
				CLANG_WARN_OBJC_LITERAL_CONVERSION = YES;
				CLANG_WARN_OBJC_ROOT_CLASS = YES_ERROR;
				CLANG_WARN_QUOTED_INCLUDE_IN_FRAMEWORK_HEADER = YES;
				CLANG_WARN_RANGE_LOOP_ANALYSIS = YES;
				CLANG_WARN_STRICT_PROTOTYPES = YES;
				CLANG_WARN_SUSPICIOUS_MOVE = YES;
				CLANG_WARN_UNGUARDED_AVAILABILITY = YES_AGGRESSIVE;
				CLANG_WARN_UNREACHABLE_CODE = YES;
				CLANG_WARN__DUPLICATE_METHOD_MATCH = YES;
				COPY_PHASE_STRIP = NO;
				DEBUG_INFORMATION_FORMAT = dwarf;
				ENABLE_STRICT_OBJC_MSGSEND = YES;
				ENABLE_TESTABILITY = YES;
				ENABLE_USER_SCRIPT_SANDBOXING = YES;
				GCC_C_LANGUAGE_STANDARD = gnu17;
				GCC_DYNAMIC_NO_PIC = NO;
				GCC_NO_COMMON_BLOCKS = YES;
				GCC_OPTIMIZATION_LEVEL = 0;
				GCC_PREPROCESSOR_DEFINITIONS = (
					"DEBUG=1",
					"$(inherited)",
				);
				GCC_WARN_64_TO_32_BIT_CONVERSION = YES;
				GCC_WARN_ABOUT_RETURN_TYPE = YES_ERROR;
				GCC_WARN_UNDECLARED_SELECTOR = YES;
				GCC_WARN_UNINITIALIZED_AUTOS = YES_AGGRESSIVE;
				GCC_WARN_UNUSED_FUNCTION = YES;
				GCC_WARN_UNUSED_VARIABLE = YES;
				IPHONEOS_DEPLOYMENT_TARGET = 17.0;
				LOCALIZATION_PREFERS_STRING_CATALOGS = YES;
				MTL_ENABLE_DEBUG_INFO = INCLUDE_SOURCE;
				MTL_FAST_MATH = YES;
				ONLY_ACTIVE_ARCH = YES;
				SDKROOT = iphoneos;
				SWIFT_ACTIVE_COMPILATION_CONDITIONS = "DEBUG $(inherited)";
				SWIFT_OPTIMIZATION_LEVEL = "-Onone";
			};
			name = Debug;
		};
		CF676CAF2B212BB6004E168B /* Release */ = {
			isa = XCBuildConfiguration;
			buildSettings = {
				ALWAYS_SEARCH_USER_PATHS = NO;
				ASSETCATALOG_COMPILER_GENERATE_SWIFT_ASSET_SYMBOL_EXTENSIONS = YES;
				CLANG_ANALYZER_NONNULL = YES;
				CLANG_ANALYZER_NUMBER_OBJECT_CONVERSION = YES_AGGRESSIVE;
				CLANG_CXX_LANGUAGE_STANDARD = "gnu++20";
				CLANG_ENABLE_MODULES = YES;
				CLANG_ENABLE_OBJC_ARC = YES;
				CLANG_ENABLE_OBJC_WEAK = YES;
				CLANG_WARN_BLOCK_CAPTURE_AUTORELEASING = YES;
				CLANG_WARN_BOOL_CONVERSION = YES;
				CLANG_WARN_COMMA = YES;
				CLANG_WARN_CONSTANT_CONVERSION = YES;
				CLANG_WARN_DEPRECATED_OBJC_IMPLEMENTATIONS = YES;
				CLANG_WARN_DIRECT_OBJC_ISA_USAGE = YES_ERROR;
				CLANG_WARN_DOCUMENTATION_COMMENTS = YES;
				CLANG_WARN_EMPTY_BODY = YES;
				CLANG_WARN_ENUM_CONVERSION = YES;
				CLANG_WARN_INFINITE_RECURSION = YES;
				CLANG_WARN_INT_CONVERSION = YES;
				CLANG_WARN_NON_LITERAL_NULL_CONVERSION = YES;
				CLANG_WARN_OBJC_IMPLICIT_RETAIN_SELF = YES;
				CLANG_WARN_OBJC_LITERAL_CONVERSION = YES;
				CLANG_WARN_OBJC_ROOT_CLASS = YES_ERROR;
				CLANG_WARN_QUOTED_INCLUDE_IN_FRAMEWORK_HEADER = YES;
				CLANG_WARN_RANGE_LOOP_ANALYSIS = YES;
				CLANG_WARN_STRICT_PROTOTYPES = YES;
				CLANG_WARN_SUSPICIOUS_MOVE = YES;
				CLANG_WARN_UNGUARDED_AVAILABILITY = YES_AGGRESSIVE;
				CLANG_WARN_UNREACHABLE_CODE = YES;
				CLANG_WARN__DUPLICATE_METHOD_MATCH = YES;
				COPY_PHASE_STRIP = NO;
				DEBUG_INFORMATION_FORMAT = "dwarf-with-dsym";
				ENABLE_NS_ASSERTIONS = NO;
				ENABLE_STRICT_OBJC_MSGSEND = YES;
				ENABLE_USER_SCRIPT_SANDBOXING = YES;
				GCC_C_LANGUAGE_STANDARD = gnu17;
				GCC_NO_COMMON_BLOCKS = YES;
				GCC_WARN_64_TO_32_BIT_CONVERSION = YES;
				GCC_WARN_ABOUT_RETURN_TYPE = YES_ERROR;
				GCC_WARN_UNDECLARED_SELECTOR = YES;
				GCC_WARN_UNINITIALIZED_AUTOS = YES_AGGRESSIVE;
				GCC_WARN_UNUSED_FUNCTION = YES;
				GCC_WARN_UNUSED_VARIABLE = YES;
				IPHONEOS_DEPLOYMENT_TARGET = 17.0;
				LOCALIZATION_PREFERS_STRING_CATALOGS = YES;
				MTL_ENABLE_DEBUG_INFO = NO;
				MTL_FAST_MATH = YES;
				SDKROOT = iphoneos;
				SWIFT_COMPILATION_MODE = wholemodule;
				VALIDATE_PRODUCT = YES;
			};
			name = Release;
		};
		CF676CB12B212BB6004E168B /* Debug */ = {
			isa = XCBuildConfiguration;
			buildSettings = {
				ASSETCATALOG_COMPILER_APPICON_NAME = AppIcon;
				ASSETCATALOG_COMPILER_GLOBAL_ACCENT_COLOR_NAME = AccentColor;
				CODE_SIGN_STYLE = Automatic;
				CURRENT_PROJECT_VERSION = 1;
				GENERATE_INFOPLIST_FILE = YES;
				INFOPLIST_FILE = "food around/Info.plist";
				INFOPLIST_KEY_UIApplicationSupportsIndirectInputEvents = YES;
				INFOPLIST_KEY_UILaunchStoryboardName = LaunchScreen;
				INFOPLIST_KEY_UIMainStoryboardFile = Main;
				INFOPLIST_KEY_UISupportedInterfaceOrientations_iPad = "UIInterfaceOrientationPortrait UIInterfaceOrientationPortraitUpsideDown UIInterfaceOrientationLandscapeLeft UIInterfaceOrientationLandscapeRight";
				INFOPLIST_KEY_UISupportedInterfaceOrientations_iPhone = "UIInterfaceOrientationPortrait UIInterfaceOrientationLandscapeLeft UIInterfaceOrientationLandscapeRight";
				LD_RUNPATH_SEARCH_PATHS = (
					"$(inherited)",
					"@executable_path/Frameworks",
				);
				MARKETING_VERSION = 1.0;
				PRODUCT_BUNDLE_IDENTIFIER = "orson.food-around";
				PRODUCT_NAME = "$(TARGET_NAME)";
				SWIFT_EMIT_LOC_STRINGS = YES;
				SWIFT_VERSION = 5.0;
				TARGETED_DEVICE_FAMILY = "1,2";
			};
			name = Debug;
		};
		CF676CB22B212BB6004E168B /* Release */ = {
			isa = XCBuildConfiguration;
			buildSettings = {
				ASSETCATALOG_COMPILER_APPICON_NAME = AppIcon;
				ASSETCATALOG_COMPILER_GLOBAL_ACCENT_COLOR_NAME = AccentColor;
				CODE_SIGN_STYLE = Automatic;
				CURRENT_PROJECT_VERSION = 1;
				GENERATE_INFOPLIST_FILE = YES;
				INFOPLIST_FILE = "food around/Info.plist";
				INFOPLIST_KEY_UIApplicationSupportsIndirectInputEvents = YES;
				INFOPLIST_KEY_UILaunchStoryboardName = LaunchScreen;
				INFOPLIST_KEY_UIMainStoryboardFile = Main;
				INFOPLIST_KEY_UISupportedInterfaceOrientations_iPad = "UIInterfaceOrientationPortrait UIInterfaceOrientationPortraitUpsideDown UIInterfaceOrientationLandscapeLeft UIInterfaceOrientationLandscapeRight";
				INFOPLIST_KEY_UISupportedInterfaceOrientations_iPhone = "UIInterfaceOrientationPortrait UIInterfaceOrientationLandscapeLeft UIInterfaceOrientationLandscapeRight";
				LD_RUNPATH_SEARCH_PATHS = (
					"$(inherited)",
					"@executable_path/Frameworks",
				);
				MARKETING_VERSION = 1.0;
				PRODUCT_BUNDLE_IDENTIFIER = "orson.food-around";
				PRODUCT_NAME = "$(TARGET_NAME)";
				SWIFT_EMIT_LOC_STRINGS = YES;
				SWIFT_VERSION = 5.0;
				TARGETED_DEVICE_FAMILY = "1,2";
			};
			name = Release;
		};
		CF676CB42B212BB6004E168B /* Debug */ = {
			isa = XCBuildConfiguration;
			buildSettings = {
				ALWAYS_EMBED_SWIFT_STANDARD_LIBRARIES = YES;
				BUNDLE_LOADER = "$(TEST_HOST)";
				CODE_SIGN_STYLE = Automatic;
				CURRENT_PROJECT_VERSION = 1;
				GENERATE_INFOPLIST_FILE = YES;
				IPHONEOS_DEPLOYMENT_TARGET = 17.0;
				MARKETING_VERSION = 1.0;
				PRODUCT_BUNDLE_IDENTIFIER = "orson.food-aroundTests";
				PRODUCT_NAME = "$(TARGET_NAME)";
				SWIFT_EMIT_LOC_STRINGS = NO;
				SWIFT_VERSION = 5.0;
				TARGETED_DEVICE_FAMILY = "1,2";
				TEST_HOST = "$(BUILT_PRODUCTS_DIR)/food around.app/$(BUNDLE_EXECUTABLE_FOLDER_PATH)/food around";
			};
			name = Debug;
		};
		CF676CB52B212BB6004E168B /* Release */ = {
			isa = XCBuildConfiguration;
			buildSettings = {
				ALWAYS_EMBED_SWIFT_STANDARD_LIBRARIES = YES;
				BUNDLE_LOADER = "$(TEST_HOST)";
				CODE_SIGN_STYLE = Automatic;
				CURRENT_PROJECT_VERSION = 1;
				GENERATE_INFOPLIST_FILE = YES;
				IPHONEOS_DEPLOYMENT_TARGET = 17.0;
				MARKETING_VERSION = 1.0;
				PRODUCT_BUNDLE_IDENTIFIER = "orson.food-aroundTests";
				PRODUCT_NAME = "$(TARGET_NAME)";
				SWIFT_EMIT_LOC_STRINGS = NO;
				SWIFT_VERSION = 5.0;
				TARGETED_DEVICE_FAMILY = "1,2";
				TEST_HOST = "$(BUILT_PRODUCTS_DIR)/food around.app/$(BUNDLE_EXECUTABLE_FOLDER_PATH)/food around";
			};
			name = Release;
		};
		CF676CB72B212BB6004E168B /* Debug */ = {
			isa = XCBuildConfiguration;
			buildSettings = {
				ALWAYS_EMBED_SWIFT_STANDARD_LIBRARIES = YES;
				CODE_SIGN_STYLE = Automatic;
				CURRENT_PROJECT_VERSION = 1;
				GENERATE_INFOPLIST_FILE = YES;
				MARKETING_VERSION = 1.0;
				PRODUCT_BUNDLE_IDENTIFIER = "orson.food-aroundUITests";
				PRODUCT_NAME = "$(TARGET_NAME)";
				SWIFT_EMIT_LOC_STRINGS = NO;
				SWIFT_VERSION = 5.0;
				TARGETED_DEVICE_FAMILY = "1,2";
				TEST_TARGET_NAME = "food around";
			};
			name = Debug;
		};
		CF676CB82B212BB6004E168B /* Release */ = {
			isa = XCBuildConfiguration;
			buildSettings = {
				ALWAYS_EMBED_SWIFT_STANDARD_LIBRARIES = YES;
				CODE_SIGN_STYLE = Automatic;
				CURRENT_PROJECT_VERSION = 1;
				GENERATE_INFOPLIST_FILE = YES;
				MARKETING_VERSION = 1.0;
				PRODUCT_BUNDLE_IDENTIFIER = "orson.food-aroundUITests";
				PRODUCT_NAME = "$(TARGET_NAME)";
				SWIFT_EMIT_LOC_STRINGS = NO;
				SWIFT_VERSION = 5.0;
				TARGETED_DEVICE_FAMILY = "1,2";
				TEST_TARGET_NAME = "food around";
			};
			name = Release;
		};
/* End XCBuildConfiguration section */

/* Begin XCConfigurationList section */
		CF676C812B212BB1004E168B /* Build configuration list for PBXProject "food around" */ = {
			isa = XCConfigurationList;
			buildConfigurations = (
				CF676CAE2B212BB6004E168B /* Debug */,
				CF676CAF2B212BB6004E168B /* Release */,
			);
			defaultConfigurationIsVisible = 0;
			defaultConfigurationName = Release;
		};
		CF676CB02B212BB6004E168B /* Build configuration list for PBXNativeTarget "food around" */ = {
			isa = XCConfigurationList;
			buildConfigurations = (
				CF676CB12B212BB6004E168B /* Debug */,
				CF676CB22B212BB6004E168B /* Release */,
			);
			defaultConfigurationIsVisible = 0;
			defaultConfigurationName = Release;
		};
		CF676CB32B212BB6004E168B /* Build configuration list for PBXNativeTarget "food aroundTests" */ = {
			isa = XCConfigurationList;
			buildConfigurations = (
				CF676CB42B212BB6004E168B /* Debug */,
				CF676CB52B212BB6004E168B /* Release */,
			);
			defaultConfigurationIsVisible = 0;
			defaultConfigurationName = Release;
		};
		CF676CB62B212BB6004E168B /* Build configuration list for PBXNativeTarget "food aroundUITests" */ = {
			isa = XCConfigurationList;
			buildConfigurations = (
				CF676CB72B212BB6004E168B /* Debug */,
				CF676CB82B212BB6004E168B /* Release */,
			);
			defaultConfigurationIsVisible = 0;
			defaultConfigurationName = Release;
		};
/* End XCConfigurationList section */
	};
	rootObject = CF676C7E2B212BB1004E168B /* Project object */;
}
